// !$*UTF8*$!
{
	archiveVersion = 1;
	classes = {
	};
	objectVersion = 46;
	objects = {

/* Begin PBXBuildFile section */
		62DDD5AB1B1EE4AD007EE04B /* main.m in Sources */ = {isa = PBXBuildFile; fileRef = 62DDD5AA1B1EE4AD007EE04B /* main.m */; };
		62DDD5AE1B1EE4AD007EE04B /* AppDelegate.m in Sources */ = {isa = PBXBuildFile; fileRef = 62DDD5AD1B1EE4AD007EE04B /* AppDelegate.m */; };
		62DDD5B11B1EE4AD007EE04B /* ViewController.m in Sources */ = {isa = PBXBuildFile; fileRef = 62DDD5B01B1EE4AD007EE04B /* ViewController.m */; };
		62DDD5B41B1EE4AD007EE04B /* Main.storyboard in Resources */ = {isa = PBXBuildFile; fileRef = 62DDD5B21B1EE4AD007EE04B /* Main.storyboard */; };
		62DDD5B61B1EE4AD007EE04B /* Images.xcassets in Resources */ = {isa = PBXBuildFile; fileRef = 62DDD5B51B1EE4AD007EE04B /* Images.xcassets */; };
		62DDD5B91B1EE4AD007EE04B /* LaunchScreen.xib in Resources */ = {isa = PBXBuildFile; fileRef = 62DDD5B71B1EE4AD007EE04B /* LaunchScreen.xib */; };
		62DDD5C51B1EE4AD007EE04B /* __3____Tests.m in Sources */ = {isa = PBXBuildFile; fileRef = 62DDD5C41B1EE4AD007EE04B /* __3____Tests.m */; };
/* End PBXBuildFile section */

/* Begin PBXContainerItemProxy section */
		62DDD5BF1B1EE4AD007EE04B /* PBXContainerItemProxy */ = {
			isa = PBXContainerItemProxy;
			containerPortal = 62DDD59D1B1EE4AD007EE04B /* Project object */;
			proxyType = 1;
			remoteGlobalIDString = 62DDD5A41B1EE4AD007EE04B;
			remoteInfo = "6.3按钮缩放";
		};
/* End PBXContainerItemProxy section */

/* Begin PBXFileReference section */
		62DDD5A51B1EE4AD007EE04B /* 6.3按钮缩放.app */ = {isa = PBXFileReference; explicitFileType = wrapper.application; includeInIndex = 0; path = "6.3按钮缩放.app"; sourceTree = BUILT_PRODUCTS_DIR; };
		62DDD5A91B1EE4AD007EE04B /* Info.plist */ = {isa = PBXFileReference; lastKnownFileType = text.plist.xml; path = Info.plist; sourceTree = "<group>"; };
		62DDD5AA1B1EE4AD007EE04B /* main.m */ = {isa = PBXFileReference; lastKnownFileType = sourcecode.c.objc; path = main.m; sourceTree = "<group>"; };
		62DDD5AC1B1EE4AD007EE04B /* AppDelegate.h */ = {isa = PBXFileReference; lastKnownFileType = sourcecode.c.h; path = AppDelegate.h; sourceTree = "<group>"; };
		62DDD5AD1B1EE4AD007EE04B /* AppDelegate.m */ = {isa = PBXFileReference; lastKnownFileType = sourcecode.c.objc; path = AppDelegate.m; sourceTree = "<group>"; };
		62DDD5AF1B1EE4AD007EE04B /* ViewController.h */ = {isa = PBXFileReference; lastKnownFileType = sourcecode.c.h; path = ViewController.h; sourceTree = "<group>"; };
		62DDD5B01B1EE4AD007EE04B /* ViewController.m */ = {isa = PBXFileReference; lastKnownFileType = sourcecode.c.objc; path = ViewController.m; sourceTree = "<group>"; };
		62DDD5B31B1EE4AD007EE04B /* Base */ = {isa = PBXFileReference; lastKnownFileType = file.storyboard; name = Base; path = Base.lproj/Main.storyboard; sourceTree = "<group>"; };
		62DDD5B51B1EE4AD007EE04B /* Images.xcassets */ = {isa = PBXFileReference; lastKnownFileType = folder.assetcatalog; path = Images.xcassets; sourceTree = "<group>"; };
		62DDD5B81B1EE4AD007EE04B /* Base */ = {isa = PBXFileReference; lastKnownFileType = file.xib; name = Base; path = Base.lproj/LaunchScreen.xib; sourceTree = "<group>"; };
		62DDD5BE1B1EE4AD007EE04B /* 6.3按钮缩放Tests.xctest */ = {isa = PBXFileReference; explicitFileType = wrapper.cfbundle; includeInIndex = 0; path = "6.3按钮缩放Tests.xctest"; sourceTree = BUILT_PRODUCTS_DIR; };
		62DDD5C31B1EE4AD007EE04B /* Info.plist */ = {isa = PBXFileReference; lastKnownFileType = text.plist.xml; path = Info.plist; sourceTree = "<group>"; };
		62DDD5C41B1EE4AD007EE04B /* __3____Tests.m */ = {isa = PBXFileReference; lastKnownFileType = sourcecode.c.objc; path = "__3____Tests.m"; sourceTree = "<group>"; };
/* End PBXFileReference section */

/* Begin PBXFrameworksBuildPhase section */
		62DDD5A21B1EE4AD007EE04B /* Frameworks */ = {
			isa = PBXFrameworksBuildPhase;
			buildActionMask = 2147483647;
			files = (
			);
			runOnlyForDeploymentPostprocessing = 0;
		};
		62DDD5BB1B1EE4AD007EE04B /* Frameworks */ = {
			isa = PBXFrameworksBuildPhase;
			buildActionMask = 2147483647;
			files = (
			);
			runOnlyForDeploymentPostprocessing = 0;
		};
/* End PBXFrameworksBuildPhase section */

/* Begin PBXGroup section */
		62DDD59C1B1EE4AD007EE04B = {
			isa = PBXGroup;
			children = (
				62DDD5A71B1EE4AD007EE04B /* 6.3按钮缩放 */,
				62DDD5C11B1EE4AD007EE04B /* 6.3按钮缩放Tests */,
				62DDD5A61B1EE4AD007EE04B /* Products */,
			);
			sourceTree = "<group>";
		};
		62DDD5A61B1EE4AD007EE04B /* Products */ = {
			isa = PBXGroup;
			children = (
				62DDD5A51B1EE4AD007EE04B /* 6.3按钮缩放.app */,
				62DDD5BE1B1EE4AD007EE04B /* 6.3按钮缩放Tests.xctest */,
			);
			name = Products;
			sourceTree = "<group>";
		};
		62DDD5A71B1EE4AD007EE04B /* 6.3按钮缩放 */ = {
			isa = PBXGroup;
			children = (
				62DDD5AC1B1EE4AD007EE04B /* AppDelegate.h */,
				62DDD5AD1B1EE4AD007EE04B /* AppDelegate.m */,
				62DDD5AF1B1EE4AD007EE04B /* ViewController.h */,
				62DDD5B01B1EE4AD007EE04B /* ViewController.m */,
				62DDD5B21B1EE4AD007EE04B /* Main.storyboard */,
				62DDD5B51B1EE4AD007EE04B /* Images.xcassets */,
				62DDD5B71B1EE4AD007EE04B /* LaunchScreen.xib */,
				62DDD5A81B1EE4AD007EE04B /* Supporting Files */,
			);
			path = "6.3按钮缩放";
			sourceTree = "<group>";
		};
		62DDD5A81B1EE4AD007EE04B /* Supporting Files */ = {
			isa = PBXGroup;
			children = (
				62DDD5A91B1EE4AD007EE04B /* Info.plist */,
				62DDD5AA1B1EE4AD007EE04B /* main.m */,
			);
			name = "Supporting Files";
			sourceTree = "<group>";
		};
		62DDD5C11B1EE4AD007EE04B /* 6.3按钮缩放Tests */ = {
			isa = PBXGroup;
			children = (
				62DDD5C41B1EE4AD007EE04B /* __3____Tests.m */,
				62DDD5C21B1EE4AD007EE04B /* Supporting Files */,
			);
			path = "6.3按钮缩放Tests";
			sourceTree = "<group>";
		};
		62DDD5C21B1EE4AD007EE04B /* Supporting Files */ = {
			isa = PBXGroup;
			children = (
				62DDD5C31B1EE4AD007EE04B /* Info.plist */,
			);
			name = "Supporting Files";
			sourceTree = "<group>";
		};
/* End PBXGroup section */

/* Begin PBXNativeTarget section */
		62DDD5A41B1EE4AD007EE04B /* 6.3按钮缩放 */ = {
			isa = PBXNativeTarget;
			buildConfigurationList = 62DDD5C81B1EE4AD007EE04B /* Build configuration list for PBXNativeTarget "6.3按钮缩放" */;
			buildPhases = (
				62DDD5A11B1EE4AD007EE04B /* Sources */,
				62DDD5A21B1EE4AD007EE04B /* Frameworks */,
				62DDD5A31B1EE4AD007EE04B /* Resources */,
			);
			buildRules = (
			);
			dependencies = (
			);
			name = "6.3按钮缩放";
			productName = "6.3按钮缩放";
			productReference = 62DDD5A51B1EE4AD007EE04B /* 6.3按钮缩放.app */;
			productType = "com.apple.product-type.application";
		};
		62DDD5BD1B1EE4AD007EE04B /* 6.3按钮缩放Tests */ = {
			isa = PBXNativeTarget;
			buildConfigurationList = 62DDD5CB1B1EE4AD007EE04B /* Build configuration list for PBXNativeTarget "6.3按钮缩放Tests" */;
			buildPhases = (
				62DDD5BA1B1EE4AD007EE04B /* Sources */,
				62DDD5BB1B1EE4AD007EE04B /* Frameworks */,
				62DDD5BC1B1EE4AD007EE04B /* Resources */,
			);
			buildRules = (
			);
			dependencies = (
				62DDD5C01B1EE4AD007EE04B /* PBXTargetDependency */,
			);
			name = "6.3按钮缩放Tests";
			productName = "6.3按钮缩放Tests";
			productReference = 62DDD5BE1B1EE4AD007EE04B /* 6.3按钮缩放Tests.xctest */;
			productType = "com.apple.product-type.bundle.unit-test";
		};
/* End PBXNativeTarget section */

/* Begin PBXProject section */
		62DDD59D1B1EE4AD007EE04B /* Project object */ = {
			isa = PBXProject;
			attributes = {
				LastUpgradeCheck = 0630;
				ORGANIZATIONNAME = yjm;
				TargetAttributes = {
					62DDD5A41B1EE4AD007EE04B = {
						CreatedOnToolsVersion = 6.3.1;
					};
					62DDD5BD1B1EE4AD007EE04B = {
						CreatedOnToolsVersion = 6.3.1;
						TestTargetID = 62DDD5A41B1EE4AD007EE04B;
					};
				};
			};
			buildConfigurationList = 62DDD5A01B1EE4AD007EE04B /* Build configuration list for PBXProject "6.3按钮缩放" */;
			compatibilityVersion = "Xcode 3.2";
			developmentRegion = English;
			hasScannedForEncodings = 0;
			knownRegions = (
				en,
				Base,
			);
			mainGroup = 62DDD59C1B1EE4AD007EE04B;
			productRefGroup = 62DDD5A61B1EE4AD007EE04B /* Products */;
			projectDirPath = "";
			projectRoot = "";
			targets = (
				62DDD5A41B1EE4AD007EE04B /* 6.3按钮缩放 */,
				62DDD5BD1B1EE4AD007EE04B /* 6.3按钮缩放Tests */,
			);
		};
/* End PBXProject section */

/* Begin PBXResourcesBuildPhase section */
		62DDD5A31B1EE4AD007EE04B /* Resources */ = {
			isa = PBXResourcesBuildPhase;
			buildActionMask = 2147483647;
			files = (
				62DDD5B41B1EE4AD007EE04B /* Main.storyboard in Resources */,
				62DDD5B91B1EE4AD007EE04B /* LaunchScreen.xib in Resources */,
				62DDD5B61B1EE4AD007EE04B /* Images.xcassets in Resources */,
			);
			runOnlyForDeploymentPostprocessing = 0;
		};
		62DDD5BC1B1EE4AD007EE04B /* Resources */ = {
			isa = PBXResourcesBuildPhase;
			buildActionMask = 2147483647;
			files = (
			);
			runOnlyForDeploymentPostprocessing = 0;
		};
/* End PBXResourcesBuildPhase section */

/* Begin PBXSourcesBuildPhase section */
		62DDD5A11B1EE4AD007EE04B /* Sources */ = {
			isa = PBXSourcesBuildPhase;
			buildActionMask = 2147483647;
			files = (
				62DDD5B11B1EE4AD007EE04B /* ViewController.m in Sources */,
				62DDD5AE1B1EE4AD007EE04B /* AppDelegate.m in Sources */,
				62DDD5AB1B1EE4AD007EE04B /* main.m in Sources */,
			);
			runOnlyForDeploymentPostprocessing = 0;
		};
		62DDD5BA1B1EE4AD007EE04B /* Sources */ = {
			isa = PBXSourcesBuildPhase;
			buildActionMask = 2147483647;
			files = (
				62DDD5C51B1EE4AD007EE04B /* __3____Tests.m in Sources */,
			);
			runOnlyForDeploymentPostprocessing = 0;
		};
/* End PBXSourcesBuildPhase section */

/* Begin PBXTargetDependency section */
		62DDD5C01B1EE4AD007EE04B /* PBXTargetDependency */ = {
			isa = PBXTargetDependency;
			target = 62DDD5A41B1EE4AD007EE04B /* 6.3按钮缩放 */;
			targetProxy = 62DDD5BF1B1EE4AD007EE04B /* PBXContainerItemProxy */;
		};
/* End PBXTargetDependency section */

/* Begin PBXVariantGroup section */
		62DDD5B21B1EE4AD007EE04B /* Main.storyboard */ = {
			isa = PBXVariantGroup;
			children = (
				62DDD5B31B1EE4AD007EE04B /* Base */,
			);
			name = Main.storyboard;
			sourceTree = "<group>";
		};
		62DDD5B71B1EE4AD007EE04B /* LaunchScreen.xib */ = {
			isa = PBXVariantGroup;
			children = (
				62DDD5B81B1EE4AD007EE04B /* Base */,
			);
			name = LaunchScreen.xib;
			sourceTree = "<group>";
		};
/* End PBXVariantGroup section */

/* Begin XCBuildConfiguration section */
		62DDD5C61B1EE4AD007EE04B /* Debug */ = {
			isa = XCBuildConfiguration;
			buildSettings = {
				ALWAYS_SEARCH_USER_PATHS = NO;
				CLANG_CXX_LANGUAGE_STANDARD = "gnu++0x";
				CLANG_CXX_LIBRARY = "libc++";
				CLANG_ENABLE_MODULES = YES;
				CLANG_ENABLE_OBJC_ARC = YES;
				CLANG_WARN_BOOL_CONVERSION = YES;
				CLANG_WARN_CONSTANT_CONVERSION = YES;
				CLANG_WARN_DIRECT_OBJC_ISA_USAGE = YES_ERROR;
				CLANG_WARN_EMPTY_BODY = YES;
				CLANG_WARN_ENUM_CONVERSION = YES;
				CLANG_WARN_INT_CONVERSION = YES;
				CLANG_WARN_OBJC_ROOT_CLASS = YES_ERROR;
				CLANG_WARN_UNREACHABLE_CODE = YES;
				CLANG_WARN__DUPLICATE_METHOD_MATCH = YES;
				"CODE_SIGN_IDENTITY[sdk=iphoneos*]" = "iPhone Developer";
				COPY_PHASE_STRIP = NO;
				DEBUG_INFORMATION_FORMAT = "dwarf-with-dsym";
				ENABLE_STRICT_OBJC_MSGSEND = YES;
				GCC_C_LANGUAGE_STANDARD = gnu99;
				GCC_DYNAMIC_NO_PIC = NO;
				GCC_NO_COMMON_BLOCKS = YES;
				GCC_OPTIMIZATION_LEVEL = 0;
				GCC_PREPROCESSOR_DEFINITIONS = (
					"DEBUG=1",
					"$(inherited)",
				);
				GCC_SYMBOLS_PRIVATE_EXTERN = NO;
				GCC_WARN_64_TO_32_BIT_CONVERSION = YES;
				GCC_WARN_ABOUT_RETURN_TYPE = YES_ERROR;
				GCC_WARN_UNDECLARED_SELECTOR = YES;
				GCC_WARN_UNINITIALIZED_AUTOS = YES_AGGRESSIVE;
				GCC_WARN_UNUSED_FUNCTION = YES;
				GCC_WARN_UNUSED_VARIABLE = YES;
				IPHONEOS_DEPLOYMENT_TARGET = 8.3;
				MTL_ENABLE_DEBUG_INFO = YES;
				ONLY_ACTIVE_ARCH = YES;
				SDKROOT = iphoneos;
			};
			name = Debug;
		};
		62DDD5C71B1EE4AD007EE04B /* Release */ = {
			isa = XCBuildConfiguration;
			buildSettings = {
				ALWAYS_SEARCH_USER_PATHS = NO;
				CLANG_CXX_LANGUAGE_STANDARD = "gnu++0x";
				CLANG_CXX_LIBRARY = "libc++";
				CLANG_ENABLE_MODULES = YES;
				CLANG_ENABLE_OBJC_ARC = YES;
				CLANG_WARN_BOOL_CONVERSION = YES;
				CLANG_WARN_CONSTANT_CONVERSION = YES;
				CLANG_WARN_DIRECT_OBJC_ISA_USAGE = YES_ERROR;
				CLANG_WARN_EMPTY_BODY = YES;
				CLANG_WARN_ENUM_CONVERSION = YES;
				CLANG_WARN_INT_CONVERSION = YES;
				CLANG_WARN_OBJC_ROOT_CLASS = YES_ERROR;
				CLANG_WARN_UNREACHABLE_CODE = YES;
				CLANG_WARN__DUPLICATE_METHOD_MATCH = YES;
				"CODE_SIGN_IDENTITY[sdk=iphoneos*]" = "iPhone Developer";
				COPY_PHASE_STRIP = NO;
				DEBUG_INFORMATION_FORMAT = "dwarf-with-dsym";
				ENABLE_NS_ASSERTIONS = NO;
				ENABLE_STRICT_OBJC_MSGSEND = YES;
				GCC_C_LANGUAGE_STANDARD = gnu99;
				GCC_NO_COMMON_BLOCKS = YES;
				GCC_WARN_64_TO_32_BIT_CONVERSION = YES;
				GCC_WARN_ABOUT_RETURN_TYPE = YES_ERROR;
				GCC_WARN_UNDECLARED_SELECTOR = YES;
				GCC_WARN_UNINITIALIZED_AUTOS = YES_AGGRESSIVE;
				GCC_WARN_UNUSED_FUNCTION = YES;
				GCC_WARN_UNUSED_VARIABLE = YES;
				IPHONEOS_DEPLOYMENT_TARGET = 8.3;
				MTL_ENABLE_DEBUG_INFO = NO;
				SDKROOT = iphoneos;
				VALIDATE_PRODUCT = YES;
			};
			name = Release;
		};
		62DDD5C91B1EE4AD007EE04B /* Debug */ = {
			isa = XCBuildConfiguration;
			buildSettings = {
				ASSETCATALOG_COMPILER_APPICON_NAME = AppIcon;
				INFOPLIST_FILE = "6.3按钮缩放/Info.plist";
				LD_RUNPATH_SEARCH_PATHS = "$(inherited) @executable_path/Frameworks";
				PRODUCT_NAME = "$(TARGET_NAME)";
			};
			name = Debug;
		};
		62DDD5CA1B1EE4AD007EE04B /* Release */ = {
			isa = XCBuildConfiguration;
			buildSettings = {
				ASSETCATALOG_COMPILER_APPICON_NAME = AppIcon;
				INFOPLIST_FILE = "6.3按钮缩放/Info.plist";
				LD_RUNPATH_SEARCH_PATHS = "$(inherited) @executable_path/Frameworks";
				PRODUCT_NAME = "$(TARGET_NAME)";
			};
			name = Release;
		};
		62DDD5CC1B1EE4AD007EE04B /* Debug */ = {
			isa = XCBuildConfiguration;
			buildSettings = {
				BUNDLE_LOADER = "$(TEST_HOST)";
				FRAMEWORK_SEARCH_PATHS = (
					"$(SDKROOT)/Developer/Library/Frameworks",
					"$(inherited)",
				);
				GCC_PREPROCESSOR_DEFINITIONS = (
					"DEBUG=1",
					"$(inherited)",
				);
				INFOPLIST_FILE = "6.3按钮缩放Tests/Info.plist";
				LD_RUNPATH_SEARCH_PATHS = "$(inherited) @executable_path/Frameworks @loader_path/Frameworks";
				PRODUCT_NAME = "$(TARGET_NAME)";
				TEST_HOST = "$(BUILT_PRODUCTS_DIR)/6.3按钮缩放.app/6.3按钮缩放";
			};
			name = Debug;
		};
		62DDD5CD1B1EE4AD007EE04B /* Release */ = {
			isa = XCBuildConfiguration;
			buildSettings = {
				BUNDLE_LOADER = "$(TEST_HOST)";
				FRAMEWORK_SEARCH_PATHS = (
					"$(SDKROOT)/Developer/Library/Frameworks",
					"$(inherited)",
				);
				INFOPLIST_FILE = "6.3按钮缩放Tests/Info.plist";
				LD_RUNPATH_SEARCH_PATHS = "$(inherited) @executable_path/Frameworks @loader_path/Frameworks";
				PRODUCT_NAME = "$(TARGET_NAME)";
				TEST_HOST = "$(BUILT_PRODUCTS_DIR)/6.3按钮缩放.app/6.3按钮缩放";
			};
			name = Release;
		};
/* End XCBuildConfiguration section */

/* Begin XCConfigurationList section */
		62DDD5A01B1EE4AD007EE04B /* Build configuration list for PBXProject "6.3按钮缩放" */ = {
			isa = XCConfigurationList;
			buildConfigurations = (
				62DDD5C61B1EE4AD007EE04B /* Debug */,
				62DDD5C71B1EE4AD007EE04B /* Release */,
			);
			defaultConfigurationIsVisible = 0;
			defaultConfigurationName = Release;
		};
		62DDD5C81B1EE4AD007EE04B /* Build configuration list for PBXNativeTarget "6.3按钮缩放" */ = {
			isa = XCConfigurationList;
			buildConfigurations = (
				62DDD5C91B1EE4AD007EE04B /* Debug */,
				62DDD5CA1B1EE4AD007EE04B /* Release */,
			);
			defaultConfigurationIsVisible = 0;
		};
		62DDD5CB1B1EE4AD007EE04B /* Build configuration list for PBXNativeTarget "6.3按钮缩放Tests" */ = {
			isa = XCConfigurationList;
			buildConfigurations = (
				62DDD5CC1B1EE4AD007EE04B /* Debug */,
				62DDD5CD1B1EE4AD007EE04B /* Release */,
			);
			defaultConfigurationIsVisible = 0;
		};
/* End XCConfigurationList section */
	};
	rootObject = 62DDD59D1B1EE4AD007EE04B /* Project object */;
}
